<?xml version="1.0" encoding="UTF-8" standalone="yes" ?>
<CodeBlocks_project_file>
	<FileVersion major="1" minor="6" />
	<Project>
		<Option title="engine" />
		<Option pch_mode="2" />
		<Option compiler="gcc" />
		<Build>
			<Target title="Debug">
				<Option output="bin/Debug/engine" prefix_auto="1" extension_auto="1" />
				<Option object_output="obj/Debug/" />
				<Option type="1" />
				<Option compiler="gcc" />
				<Compiler>
					<Add option="-g" />
				</Compiler>
			</Target>
			<Target title="Release">
				<Option output="bin/Release/engine" prefix_auto="1" extension_auto="1" />
				<Option object_output="obj/Release/" />
				<Option type="1" />
				<Option compiler="gcc" />
				<Compiler>
					<Add option="-O2" />
				</Compiler>
				<Linker>
					<Add option="-s" />
				</Linker>
			</Target>
		</Build>
		<Compiler>
			<Add option="-Wall" />
			<Add option="-std=c++11" />
			<Add option="-fexceptions" />
		</Compiler>
		<Unit filename="../data/Board.cpp" />
		<Unit filename="../data/Board.hpp" />
		<Unit filename="../data/Castling.cpp" />
		<Unit filename="../data/Castling.hpp" />
		<Unit filename="../data/Field.cpp" />
		<Unit filename="../data/Field.hpp" />
		<Unit filename="../data/Piece.cpp" />
		<Unit filename="../data/Piece.hpp" />
		<Unit filename="../rules/Moves.cpp" />
		<Unit filename="../rules/Moves.hpp" />
		<Unit filename="../rules/check.cpp" />
		<Unit filename="../rules/check.hpp" />
		<Unit filename="../util/strings.cpp" />
		<Unit filename="../util/strings.hpp" />
		<Unit filename="CommandParser.cpp" />
		<Unit filename="CommandParser.hpp" />
		<Unit filename="Engine.cpp" />
		<Unit filename="Engine.hpp" />
		<Unit filename="io-utils.cpp" />
		<Unit filename="io-utils.hpp" />
		<Unit filename="main.cpp" />
		<Unit filename="xboard/Command.hpp" />
		<Unit filename="xboard/Error.cpp" />
		<Unit filename="xboard/Error.hpp" />
		<Unit filename="xboard/NoOperation.cpp" />
		<Unit filename="xboard/NoOperation.hpp" />
		<Unit filename="xboard/Quit.cpp" />
		<Unit filename="xboard/Quit.hpp" />
		<Unit filename="xboard/Xboard.hpp" />
		<Extensions>
			<envvars />
			<code_completion />
			<debugger />
			<lib_finder disable_auto="1" />
		</Extensions>
	</Project>
</CodeBlocks_project_file>
