<?xml version="1.0" encoding="UTF-8" standalone="yes" ?>
<CodeBlocks_project_file>
	<FileVersion major="1" minor="6" />
	<Project>
		<Option title="engine" />
		<Option pch_mode="2" />
		<Option compiler="gcc" />
		<Build>
			<Target title="Debug">
				<Option output="bin/Debug/engine" prefix_auto="1" extension_auto="1" />
				<Option object_output="obj/Debug/" />
				<Option type="1" />
				<Option compiler="gcc" />
				<Compiler>
					<Add option="-g" />
					<Add option="-DDEBUG" />
				</Compiler>
			</Target>
			<Target title="Release">
				<Option output="bin/Release/engine" prefix_auto="1" extension_auto="1" />
				<Option object_output="obj/Release/" />
				<Option type="1" />
				<Option compiler="gcc" />
				<Compiler>
					<Add option="-O2" />
				</Compiler>
				<Linker>
					<Add option="-s" />
				</Linker>
			</Target>
		</Build>
		<Compiler>
			<Add option="-Weffc++" />
			<Add option="-Wall" />
			<Add option="-std=c++17" />
			<Add option="-fexceptions" />
		</Compiler>
		<Unit filename="../data/Board.cpp" />
		<Unit filename="../data/Board.hpp" />
		<Unit filename="../data/Castling.cpp" />
		<Unit filename="../data/Castling.hpp" />
		<Unit filename="../data/Field.cpp" />
		<Unit filename="../data/Field.hpp" />
		<Unit filename="../data/ForsythEdwardsNotation.cpp" />
		<Unit filename="../data/ForsythEdwardsNotation.hpp" />
		<Unit filename="../data/Piece.cpp" />
		<Unit filename="../data/Piece.hpp" />
		<Unit filename="../data/Result.cpp" />
		<Unit filename="../data/Result.hpp" />
		<Unit filename="../data/Ternary.hpp" />
		<Unit filename="../evaluation/CastlingEvaluator.cpp" />
		<Unit filename="../evaluation/CastlingEvaluator.hpp" />
		<Unit filename="../evaluation/CheckEvaluator.cpp" />
		<Unit filename="../evaluation/CheckEvaluator.hpp" />
		<Unit filename="../evaluation/CompoundCreator.cpp" />
		<Unit filename="../evaluation/CompoundCreator.hpp" />
		<Unit filename="../evaluation/CompoundEvaluator.cpp" />
		<Unit filename="../evaluation/CompoundEvaluator.hpp" />
		<Unit filename="../evaluation/Evaluator.hpp" />
		<Unit filename="../evaluation/LinearMobilityEvaluator.cpp" />
		<Unit filename="../evaluation/LinearMobilityEvaluator.hpp" />
		<Unit filename="../evaluation/MaterialEvaluator.cpp" />
		<Unit filename="../evaluation/MaterialEvaluator.hpp" />
		<Unit filename="../evaluation/PromotionEvaluator.cpp" />
		<Unit filename="../evaluation/PromotionEvaluator.hpp" />
		<Unit filename="../evaluation/RootMobilityEvaluator.cpp" />
		<Unit filename="../evaluation/RootMobilityEvaluator.hpp" />
		<Unit filename="../rules/Moves.cpp" />
		<Unit filename="../rules/Moves.hpp" />
		<Unit filename="../rules/check.cpp" />
		<Unit filename="../rules/check.hpp" />
		<Unit filename="../search/Node.cpp" />
		<Unit filename="../search/Node.hpp" />
		<Unit filename="../search/Search.cpp" />
		<Unit filename="../search/Search.hpp" />
		<Unit filename="../util/GitInfos.cpp" />
		<Unit filename="../util/GitInfos.hpp" />
		<Unit filename="../util/ReturnCodes.hpp" />
		<Unit filename="../util/Version.hpp" />
		<Unit filename="../util/strings.cpp" />
		<Unit filename="../util/strings.hpp" />
		<Unit filename="CommandParser.cpp" />
		<Unit filename="CommandParser.hpp" />
		<Unit filename="Engine.cpp" />
		<Unit filename="Engine.hpp" />
		<Unit filename="io-utils.cpp" />
		<Unit filename="io-utils.hpp" />
		<Unit filename="main.cpp" />
		<Unit filename="time/Clock.cpp" />
		<Unit filename="time/Clock.hpp" />
		<Unit filename="time/TimeControlMode.hpp" />
		<Unit filename="time/Timing.cpp" />
		<Unit filename="time/Timing.hpp" />
		<Unit filename="xboard/Command.hpp" />
		<Unit filename="xboard/Draw.cpp" />
		<Unit filename="xboard/Draw.hpp" />
		<Unit filename="xboard/Error.cpp" />
		<Unit filename="xboard/Error.hpp" />
		<Unit filename="xboard/ExactTime.cpp" />
		<Unit filename="xboard/ExactTime.hpp" />
		<Unit filename="xboard/Force.cpp" />
		<Unit filename="xboard/Force.hpp" />
		<Unit filename="xboard/Go.cpp" />
		<Unit filename="xboard/Go.hpp" />
		<Unit filename="xboard/Level.cpp" />
		<Unit filename="xboard/Level.hpp" />
		<Unit filename="xboard/New.cpp" />
		<Unit filename="xboard/New.hpp" />
		<Unit filename="xboard/NoOperation.cpp" />
		<Unit filename="xboard/NoOperation.hpp" />
		<Unit filename="xboard/Ping.cpp" />
		<Unit filename="xboard/Ping.hpp" />
		<Unit filename="xboard/ProtocolVersion.cpp" />
		<Unit filename="xboard/ProtocolVersion.hpp" />
		<Unit filename="xboard/Quit.cpp" />
		<Unit filename="xboard/Quit.hpp" />
		<Unit filename="xboard/ResultCmd.cpp" />
		<Unit filename="xboard/ResultCmd.hpp" />
		<Unit filename="xboard/SetBoard.cpp" />
		<Unit filename="xboard/SetBoard.hpp" />
		<Unit filename="xboard/SetDepth.cpp" />
		<Unit filename="xboard/SetDepth.hpp" />
		<Unit filename="xboard/SetTime.cpp" />
		<Unit filename="xboard/SetTime.hpp" />
		<Unit filename="xboard/Usermove.cpp" />
		<Unit filename="xboard/Usermove.hpp" />
		<Unit filename="xboard/Xboard.hpp" />
		<Extensions>
			<lib_finder disable_auto="1" />
		</Extensions>
	</Project>
</CodeBlocks_project_file>
