<?xml version="1.0" encoding="UTF-8" standalone="yes" ?>
<CodeBlocks_project_file>
	<FileVersion major="1" minor="6" />
	<Project>
		<Option title="mongo-client" />
		<Option pch_mode="2" />
		<Option compiler="gcc" />
		<Build>
			<Target title="Debug">
				<Option output="bin/Debug/mongo-client" prefix_auto="1" extension_auto="1" />
				<Option object_output="obj/Debug/" />
				<Option type="1" />
				<Option compiler="gcc" />
				<Compiler>
					<Add option="-g" />
				</Compiler>
			</Target>
			<Target title="Release">
				<Option output="bin/Release/mongo-client" prefix_auto="1" extension_auto="1" />
				<Option object_output="obj/Release/" />
				<Option type="1" />
				<Option compiler="gcc" />
				<Compiler>
					<Add option="-O2" />
				</Compiler>
				<Linker>
					<Add option="-s" />
				</Linker>
			</Target>
		</Build>
		<Compiler>
			<Add option="-Wall" />
			<Add option="-std=c++11" />
			<Add option="-fexceptions" />
			<Add directory="/usr/include/mongo-client" />
			<Add directory="/usr/include/glib-2.0" />
			<Add directory="/usr/lib/x86_64-linux-gnu/glib-2.0/include" />
		</Compiler>
		<Linker>
			<Add library="mongo-client" />
		</Linker>
		<Unit filename="../data/Board.cpp" />
		<Unit filename="../data/Board.hpp" />
		<Unit filename="../data/Castling.cpp" />
		<Unit filename="../data/Castling.hpp" />
		<Unit filename="../data/Field.cpp" />
		<Unit filename="../data/Field.hpp" />
		<Unit filename="../data/Piece.cpp" />
		<Unit filename="../data/Piece.hpp" />
		<Unit filename="../db/mongo/Server.hpp" />
		<Unit filename="../db/mongo/libmongoclient/BSON.cpp" />
		<Unit filename="../db/mongo/libmongoclient/BSON.hpp" />
		<Unit filename="../db/mongo/libmongoclient/Connection.cpp" />
		<Unit filename="../db/mongo/libmongoclient/Connection.hpp" />
		<Unit filename="../db/mongo/libmongoclient/QueryCursor.cpp" />
		<Unit filename="../db/mongo/libmongoclient/QueryCursor.hpp" />
		<Unit filename="../db/mongo/libmongoclient/Server.cpp" />
		<Unit filename="../db/mongo/libmongoclient/Server.hpp" />
		<Unit filename="../rules/Moves.cpp" />
		<Unit filename="../rules/Moves.hpp" />
		<Unit filename="../rules/check.cpp" />
		<Unit filename="../rules/check.hpp" />
		<Unit filename="../util/strings.cpp" />
		<Unit filename="../util/strings.hpp" />
		<Unit filename="main.cpp" />
		<Extensions>
			<envvars />
			<code_completion />
			<debugger />
		</Extensions>
	</Project>
</CodeBlocks_project_file>
