<?xml version="1.0" encoding="UTF-8" standalone="yes" ?>
<CodeBlocks_project_file>
	<FileVersion major="1" minor="6" />
	<Project>
		<Option title="competing-evaluators" />
		<Option pch_mode="2" />
		<Option compiler="gcc" />
		<Build>
			<Target title="Debug">
				<Option output="bin/Debug/competing-evaluators" prefix_auto="1" extension_auto="1" />
				<Option object_output="obj/Debug/" />
				<Option type="1" />
				<Option compiler="gcc" />
				<Compiler>
					<Add option="-g" />
				</Compiler>
			</Target>
			<Target title="Release">
				<Option output="bin/Release/competing-evaluators" prefix_auto="1" extension_auto="1" />
				<Option object_output="obj/Release/" />
				<Option type="1" />
				<Option compiler="gcc" />
				<Compiler>
					<Add option="-O2" />
				</Compiler>
				<Linker>
					<Add option="-s" />
				</Linker>
			</Target>
		</Build>
		<Compiler>
			<Add option="-Weffc++" />
			<Add option="-pedantic" />
			<Add option="-Wall" />
			<Add option="-std=c++17" />
			<Add option="-fexceptions" />
		</Compiler>
		<Linker>
			<Add library="pthread" />
		</Linker>
		<Unit filename="../../libsimple-chess/data/Board.cpp" />
		<Unit filename="../../libsimple-chess/data/Board.hpp" />
		<Unit filename="../../libsimple-chess/data/Castling.cpp" />
		<Unit filename="../../libsimple-chess/data/Castling.hpp" />
		<Unit filename="../../libsimple-chess/data/Field.cpp" />
		<Unit filename="../../libsimple-chess/data/Field.hpp" />
		<Unit filename="../../libsimple-chess/data/ForsythEdwardsNotation.cpp" />
		<Unit filename="../../libsimple-chess/data/ForsythEdwardsNotation.hpp" />
		<Unit filename="../../libsimple-chess/data/Piece.cpp" />
		<Unit filename="../../libsimple-chess/data/Piece.hpp" />
		<Unit filename="../../libsimple-chess/data/Result.cpp" />
		<Unit filename="../../libsimple-chess/data/Result.hpp" />
		<Unit filename="../../libsimple-chess/evaluation/CastlingEvaluator.cpp" />
		<Unit filename="../../libsimple-chess/evaluation/CastlingEvaluator.hpp" />
		<Unit filename="../../libsimple-chess/evaluation/CheckEvaluator.cpp" />
		<Unit filename="../../libsimple-chess/evaluation/CheckEvaluator.hpp" />
		<Unit filename="../../libsimple-chess/evaluation/CompoundCreator.cpp" />
		<Unit filename="../../libsimple-chess/evaluation/CompoundCreator.hpp" />
		<Unit filename="../../libsimple-chess/evaluation/CompoundEvaluator.cpp" />
		<Unit filename="../../libsimple-chess/evaluation/CompoundEvaluator.hpp" />
		<Unit filename="../../libsimple-chess/evaluation/Evaluator.hpp" />
		<Unit filename="../../libsimple-chess/evaluation/LinearMobilityEvaluator.cpp" />
		<Unit filename="../../libsimple-chess/evaluation/LinearMobilityEvaluator.hpp" />
		<Unit filename="../../libsimple-chess/evaluation/MaterialEvaluator.cpp" />
		<Unit filename="../../libsimple-chess/evaluation/MaterialEvaluator.hpp" />
		<Unit filename="../../libsimple-chess/evaluation/PromotionEvaluator.cpp" />
		<Unit filename="../../libsimple-chess/evaluation/PromotionEvaluator.hpp" />
		<Unit filename="../../libsimple-chess/evaluation/RootMobilityEvaluator.cpp" />
		<Unit filename="../../libsimple-chess/evaluation/RootMobilityEvaluator.hpp" />
		<Unit filename="../../libsimple-chess/rules/Moves.cpp" />
		<Unit filename="../../libsimple-chess/rules/Moves.hpp" />
		<Unit filename="../../libsimple-chess/rules/check.cpp" />
		<Unit filename="../../libsimple-chess/rules/check.hpp" />
		<Unit filename="../../libsimple-chess/search/Node.cpp" />
		<Unit filename="../../libsimple-chess/search/Node.hpp" />
		<Unit filename="../../libsimple-chess/search/Search.cpp" />
		<Unit filename="../../libsimple-chess/search/Search.hpp" />
		<Unit filename="../../util/GitInfos.cpp" />
		<Unit filename="../../util/GitInfos.hpp" />
		<Unit filename="../../util/ReturnCodes.hpp" />
		<Unit filename="../../util/Version.hpp" />
		<Unit filename="../../util/strings.cpp" />
		<Unit filename="../../util/strings.hpp" />
		<Unit filename="CompetitionData.cpp" />
		<Unit filename="CompetitionData.hpp" />
		<Unit filename="competing.cpp" />
		<Unit filename="competing.hpp" />
		<Unit filename="main.cpp" />
		<Extensions />
	</Project>
</CodeBlocks_project_file>
