<?xml version="1.0" encoding="UTF-8" standalone="yes" ?>
<CodeBlocks_project_file>
	<FileVersion major="1" minor="6" />
	<Project>
		<Option title="speedbench" />
		<Option pch_mode="2" />
		<Option compiler="gcc" />
		<Build>
			<Target title="Debug">
				<Option output="bin/Debug/speedbench" prefix_auto="1" extension_auto="1" />
				<Option object_output="obj/Debug/" />
				<Option type="1" />
				<Option compiler="gcc" />
				<Compiler>
					<Add option="-g" />
				</Compiler>
			</Target>
			<Target title="Release">
				<Option output="bin/Release/speedbench" prefix_auto="1" extension_auto="1" />
				<Option object_output="obj/Release/" />
				<Option type="1" />
				<Option compiler="gcc" />
				<Compiler>
					<Add option="-O2" />
				</Compiler>
				<Linker>
					<Add option="-s" />
				</Linker>
			</Target>
		</Build>
		<Compiler>
			<Add option="-Wall" />
			<Add option="-std=c++17" />
			<Add option="-fexceptions" />
			<Add option="-DSIMPLECHESS_NO_COMPETITION_DATA" />
		</Compiler>
		<Unit filename="../competing-evaluators/competing.cpp" />
		<Unit filename="../competing-evaluators/competing.hpp" />
		<Unit filename="../data/Board.cpp" />
		<Unit filename="../data/Board.hpp" />
		<Unit filename="../data/Castling.cpp" />
		<Unit filename="../data/Castling.hpp" />
		<Unit filename="../data/Field.cpp" />
		<Unit filename="../data/Field.hpp" />
		<Unit filename="../data/ForsythEdwardsNotation.cpp" />
		<Unit filename="../data/ForsythEdwardsNotation.hpp" />
		<Unit filename="../data/Piece.cpp" />
		<Unit filename="../data/Piece.hpp" />
		<Unit filename="../evaluation/CastlingEvaluator.cpp" />
		<Unit filename="../evaluation/CastlingEvaluator.hpp" />
		<Unit filename="../evaluation/CheckEvaluator.cpp" />
		<Unit filename="../evaluation/CheckEvaluator.hpp" />
		<Unit filename="../evaluation/CompoundCreator.cpp" />
		<Unit filename="../evaluation/CompoundCreator.hpp" />
		<Unit filename="../evaluation/CompoundEvaluator.cpp" />
		<Unit filename="../evaluation/CompoundEvaluator.hpp" />
		<Unit filename="../evaluation/Evaluator.hpp" />
		<Unit filename="../evaluation/LinearMobilityEvaluator.cpp" />
		<Unit filename="../evaluation/LinearMobilityEvaluator.hpp" />
		<Unit filename="../evaluation/MaterialEvaluator.cpp" />
		<Unit filename="../evaluation/MaterialEvaluator.hpp" />
		<Unit filename="../evaluation/PromotionEvaluator.cpp" />
		<Unit filename="../evaluation/PromotionEvaluator.hpp" />
		<Unit filename="../evaluation/RootMobilityEvaluator.cpp" />
		<Unit filename="../evaluation/RootMobilityEvaluator.hpp" />
		<Unit filename="../rules/Moves.cpp" />
		<Unit filename="../rules/Moves.hpp" />
		<Unit filename="../rules/check.cpp" />
		<Unit filename="../rules/check.hpp" />
		<Unit filename="../search/Node.cpp" />
		<Unit filename="../search/Node.hpp" />
		<Unit filename="../search/Search.cpp" />
		<Unit filename="../search/Search.hpp" />
		<Unit filename="../util/GitInfos.cpp" />
		<Unit filename="../util/GitInfos.hpp" />
		<Unit filename="../util/ReturnCodes.hpp" />
		<Unit filename="../util/Version.hpp" />
		<Unit filename="../util/strings.cpp" />
		<Unit filename="../util/strings.hpp" />
		<Unit filename="main.cpp" />
		<Extensions />
	</Project>
</CodeBlocks_project_file>
