<?xml version="1.0" encoding="UTF-8" standalone="yes" ?>
<CodeBlocks_project_file>
	<FileVersion major="1" minor="6" />
	<Project>
		<Option title="catch" />
		<Option pch_mode="2" />
		<Option compiler="gcc" />
		<Build>
			<Target title="Release">
				<Option output="bin/Release/catch" prefix_auto="1" extension_auto="1" />
				<Option object_output="obj/Release/" />
				<Option type="1" />
				<Option compiler="gcc" />
				<Compiler>
					<Add option="-O2" />
				</Compiler>
				<Linker>
					<Add option="-s" />
				</Linker>
			</Target>
		</Build>
		<Compiler>
			<Add option="-Wall" />
			<Add option="-std=c++17" />
			<Add option="-fexceptions" />
		</Compiler>
		<Unit filename="../../data/Board.cpp" />
		<Unit filename="../../data/Board.hpp" />
		<Unit filename="../../data/Castling.cpp" />
		<Unit filename="../../data/Castling.hpp" />
		<Unit filename="../../data/Field.cpp" />
		<Unit filename="../../data/Field.hpp" />
		<Unit filename="../../data/ForsythEdwardsNotation.cpp" />
		<Unit filename="../../data/ForsythEdwardsNotation.hpp" />
		<Unit filename="../../data/HalfMove.cpp" />
		<Unit filename="../../data/HalfMove.hpp" />
		<Unit filename="../../data/Piece.cpp" />
		<Unit filename="../../data/Piece.hpp" />
		<Unit filename="../../data/PortableGameNotation.cpp" />
		<Unit filename="../../data/PortableGameNotation.hpp" />
		<Unit filename="../../data/Result.cpp" />
		<Unit filename="../../data/Result.hpp" />
		<Unit filename="../../data/Ternary.hpp" />
		<Unit filename="../../evaluation/CastlingEvaluator.cpp" />
		<Unit filename="../../evaluation/CastlingEvaluator.hpp" />
		<Unit filename="../../evaluation/CheckEvaluator.cpp" />
		<Unit filename="../../evaluation/CheckEvaluator.hpp" />
		<Unit filename="../../evaluation/CompoundCreator.cpp" />
		<Unit filename="../../evaluation/CompoundCreator.hpp" />
		<Unit filename="../../evaluation/CompoundEvaluator.cpp" />
		<Unit filename="../../evaluation/CompoundEvaluator.hpp" />
		<Unit filename="../../evaluation/Evaluator.hpp" />
		<Unit filename="../../evaluation/LinearMobilityEvaluator.cpp" />
		<Unit filename="../../evaluation/LinearMobilityEvaluator.hpp" />
		<Unit filename="../../evaluation/MaterialEvaluator.cpp" />
		<Unit filename="../../evaluation/MaterialEvaluator.hpp" />
		<Unit filename="../../evaluation/PromotionEvaluator.cpp" />
		<Unit filename="../../evaluation/PromotionEvaluator.hpp" />
		<Unit filename="../../evaluation/RootMobilityEvaluator.cpp" />
		<Unit filename="../../evaluation/RootMobilityEvaluator.hpp" />
		<Unit filename="../../pgn/Parser.cpp" />
		<Unit filename="../../pgn/Parser.hpp" />
		<Unit filename="../../pgn/ParserException.cpp" />
		<Unit filename="../../pgn/ParserException.hpp" />
		<Unit filename="../../pgn/Token.cpp" />
		<Unit filename="../../pgn/Token.hpp" />
		<Unit filename="../../pgn/TokenType.hpp" />
		<Unit filename="../../pgn/Tokenizer.cpp" />
		<Unit filename="../../pgn/Tokenizer.hpp" />
		<Unit filename="../../pgn/UnconsumedTokensException.cpp" />
		<Unit filename="../../pgn/UnconsumedTokensException.hpp" />
		<Unit filename="../../rules/Moves.cpp" />
		<Unit filename="../../rules/Moves.hpp" />
		<Unit filename="../../rules/check.cpp" />
		<Unit filename="../../rules/check.hpp" />
		<Unit filename="../../search/Node.cpp" />
		<Unit filename="../../search/Node.hpp" />
		<Unit filename="../../search/Search.cpp" />
		<Unit filename="../../search/Search.hpp" />
		<Unit filename="../../util/strings.cpp" />
		<Unit filename="../../util/strings.hpp" />
		<Unit filename="data/testsBoard.cpp" />
		<Unit filename="data/testsCastling.cpp" />
		<Unit filename="data/testsField.cpp" />
		<Unit filename="data/testsForsythEdwardsNotation.cpp" />
		<Unit filename="data/testsHalfMove.cpp" />
		<Unit filename="data/testsPiece.cpp" />
		<Unit filename="data/testsResult.cpp" />
		<Unit filename="evaluation/ConstantEvaluator.cpp" />
		<Unit filename="evaluation/ConstantEvaluator.hpp" />
		<Unit filename="evaluation/testsCastlingEvaluator.cpp" />
		<Unit filename="evaluation/testsCheckEvaluator.cpp" />
		<Unit filename="evaluation/testsCompoundCreator.cpp" />
		<Unit filename="evaluation/testsCompoundEvaluator.cpp" />
		<Unit filename="evaluation/testsLinearMobilityEvaluator.cpp" />
		<Unit filename="evaluation/testsMaterialEvaluator.cpp" />
		<Unit filename="evaluation/testsPromotionEvaluator.cpp" />
		<Unit filename="evaluation/testsRootMobilityEvaluator.cpp" />
		<Unit filename="main.cpp" />
		<Unit filename="rules/testsCheck.cpp" />
		<Unit filename="rules/testsMoves.cpp" />
		<Unit filename="search/testsSearch.cpp" />
		<Unit filename="testsPGN.cpp" />
		<Unit filename="util/testsStrings.cpp" />
		<Extensions>
			<lib_finder disable_auto="1" />
		</Extensions>
	</Project>
</CodeBlocks_project_file>
